
Microsoft Visual Studio Solution File, Format Version 12.00
# Visual Studio 15
VisualStudioVersion = 15.0.26124.0
MinimumVisualStudioVersion = 15.0.26124.0
Project("{2150E333-8FDC-42A3-9474-1A3956D46DE8}") = "_misc", "_misc", "{CE10552A-F0F8-4C51-9CCF-4B0F160351E8}"
	ProjectSection(SolutionItems) = preProject
		giraffe-64x64.png = giraffe-64x64.png
		giraffe.png = giraffe.png
	EndProjectSection
EndProject
Project("{2150E333-8FDC-42A3-9474-1A3956D46DE8}") = "_docs", "_docs", "{39555F35-F514-4521-A3CC-1CFF95ED581E}"
	ProjectSection(SolutionItems) = preProject
		DOCUMENTATION.md = DOCUMENTATION.md
		LICENSE = LICENSE
		README.md = README.md
		RELEASE_NOTES.md = RELEASE_NOTES.md
	EndProjectSection
EndProject
Project("{2150E333-8FDC-42A3-9474-1A3956D46DE8}") = "_build", "_build", "{8F5B7963-8206-47B1-AD19-900229E2FBF5}"
	ProjectSection(SolutionItems) = preProject
		appveyor.yml = appveyor.yml
		build.ps1 = build.ps1
		build.sh = build.sh
		global.json = global.json
		NuGet.config = NuGet.config
	EndProjectSection
EndProject
Project("{2150E333-8FDC-42A3-9474-1A3956D46DE8}") = "src", "src", "{5FC3763D-0893-4C44-81EC-84484527D23C}"
EndProject
Project("{F2A71F9B-5D33-465A-A702-920D77279786}") = "Giraffe", "src\Giraffe\Giraffe.fsproj", "{2B9A54E8-005B-40B3-A734-ED630504E522}"
EndProject
Project("{2150E333-8FDC-42A3-9474-1A3956D46DE8}") = "tests", "tests", "{01222765-17F4-456D-B79E-EC106C20861A}"
EndProject
Project("{F2A71F9B-5D33-465A-A702-920D77279786}") = "Giraffe.Tests", "tests\Giraffe.Tests\Giraffe.Tests.fsproj", "{1B876F13-39D0-4A44-9A63-A768AFB6E17A}"
EndProject
Project("{2150E333-8FDC-42A3-9474-1A3956D46DE8}") = "samples", "samples", "{9E6451FB-26E0-4AE4-A469-847F9602E999}"
EndProject
Project("{2150E333-8FDC-42A3-9474-1A3956D46DE8}") = "EndpointRoutingApp", "EndpointRoutingApp", "{B9B26DDC-608C-42FE-9AB9-6CF0EE4920CD}"
EndProject
Project("{F2A71F9B-5D33-465A-A702-920D77279786}") = "EndpointRoutingApp", "samples\EndpointRoutingApp\EndpointRoutingApp\EndpointRoutingApp.fsproj", "{0E15F922-7A44-4116-9DAB-FAEB94392FEC}"
EndProject
Global
	GlobalSection(SolutionConfigurationPlatforms) = preSolution
		Debug|Any CPU = Debug|Any CPU
		Debug|x64 = Debug|x64
		Debug|x86 = Debug|x86
		Release|Any CPU = Release|Any CPU
		Release|x64 = Release|x64
		Release|x86 = Release|x86
	EndGlobalSection
	GlobalSection(ProjectConfigurationPlatforms) = postSolution
		{2B9A54E8-005B-40B3-A734-ED630504E522}.Debug|Any CPU.ActiveCfg = Debug|Any CPU
		{2B9A54E8-005B-40B3-A734-ED630504E522}.Debug|Any CPU.Build.0 = Debug|Any CPU
		{2B9A54E8-005B-40B3-A734-ED630504E522}.Debug|x64.ActiveCfg = Debug|Any CPU
		{2B9A54E8-005B-40B3-A734-ED630504E522}.Debug|x64.Build.0 = Debug|Any CPU
		{2B9A54E8-005B-40B3-A734-ED630504E522}.Debug|x86.ActiveCfg = Debug|Any CPU
		{2B9A54E8-005B-40B3-A734-ED630504E522}.Debug|x86.Build.0 = Debug|Any CPU
		{2B9A54E8-005B-40B3-A734-ED630504E522}.Release|Any CPU.ActiveCfg = Release|Any CPU
		{2B9A54E8-005B-40B3-A734-ED630504E522}.Release|Any CPU.Build.0 = Release|Any CPU
		{2B9A54E8-005B-40B3-A734-ED630504E522}.Release|x64.ActiveCfg = Release|Any CPU
		{2B9A54E8-005B-40B3-A734-ED630504E522}.Release|x64.Build.0 = Release|Any CPU
		{2B9A54E8-005B-40B3-A734-ED630504E522}.Release|x86.ActiveCfg = Release|Any CPU
		{2B9A54E8-005B-40B3-A734-ED630504E522}.Release|x86.Build.0 = Release|Any CPU
		{1B876F13-39D0-4A44-9A63-A768AFB6E17A}.Debug|Any CPU.ActiveCfg = Debug|Any CPU
		{1B876F13-39D0-4A44-9A63-A768AFB6E17A}.Debug|Any CPU.Build.0 = Debug|Any CPU
		{1B876F13-39D0-4A44-9A63-A768AFB6E17A}.Debug|x64.ActiveCfg = Debug|Any CPU
		{1B876F13-39D0-4A44-9A63-A768AFB6E17A}.Debug|x64.Build.0 = Debug|Any CPU
		{1B876F13-39D0-4A44-9A63-A768AFB6E17A}.Debug|x86.ActiveCfg = Debug|Any CPU
		{1B876F13-39D0-4A44-9A63-A768AFB6E17A}.Debug|x86.Build.0 = Debug|Any CPU
		{1B876F13-39D0-4A44-9A63-A768AFB6E17A}.Release|Any CPU.ActiveCfg = Release|Any CPU
		{1B876F13-39D0-4A44-9A63-A768AFB6E17A}.Release|Any CPU.Build.0 = Release|Any CPU
		{1B876F13-39D0-4A44-9A63-A768AFB6E17A}.Release|x64.ActiveCfg = Release|Any CPU
		{1B876F13-39D0-4A44-9A63-A768AFB6E17A}.Release|x64.Build.0 = Release|Any CPU
		{1B876F13-39D0-4A44-9A63-A768AFB6E17A}.Release|x86.ActiveCfg = Release|Any CPU
		{1B876F13-39D0-4A44-9A63-A768AFB6E17A}.Release|x86.Build.0 = Release|Any CPU
		{0E15F922-7A44-4116-9DAB-FAEB94392FEC}.Debug|Any CPU.ActiveCfg = Debug|Any CPU
		{0E15F922-7A44-4116-9DAB-FAEB94392FEC}.Debug|Any CPU.Build.0 = Debug|Any CPU
		{0E15F922-7A44-4116-9DAB-FAEB94392FEC}.Debug|x64.ActiveCfg = Debug|Any CPU
		{0E15F922-7A44-4116-9DAB-FAEB94392FEC}.Debug|x64.Build.0 = Debug|Any CPU
		{0E15F922-7A44-4116-9DAB-FAEB94392FEC}.Debug|x86.ActiveCfg = Debug|Any CPU
		{0E15F922-7A44-4116-9DAB-FAEB94392FEC}.Debug|x86.Build.0 = Debug|Any CPU
		{0E15F922-7A44-4116-9DAB-FAEB94392FEC}.Release|Any CPU.ActiveCfg = Release|Any CPU
		{0E15F922-7A44-4116-9DAB-FAEB94392FEC}.Release|Any CPU.Build.0 = Release|Any CPU
		{0E15F922-7A44-4116-9DAB-FAEB94392FEC}.Release|x64.ActiveCfg = Release|Any CPU
		{0E15F922-7A44-4116-9DAB-FAEB94392FEC}.Release|x64.Build.0 = Release|Any CPU
		{0E15F922-7A44-4116-9DAB-FAEB94392FEC}.Release|x86.ActiveCfg = Release|Any CPU
		{0E15F922-7A44-4116-9DAB-FAEB94392FEC}.Release|x86.Build.0 = Release|Any CPU
	EndGlobalSection
	GlobalSection(SolutionProperties) = preSolution
		HideSolutionNode = FALSE
	EndGlobalSection
	GlobalSection(ExtensibilityGlobals) = postSolution
		SolutionGuid = {77FFE315-7928-4985-B60D-8009AE1A3805}
	EndGlobalSection
	GlobalSection(NestedProjects) = preSolution
		{2B9A54E8-005B-40B3-A734-ED630504E522} = {5FC3763D-0893-4C44-81EC-84484527D23C}
		{1B876F13-39D0-4A44-9A63-A768AFB6E17A} = {01222765-17F4-456D-B79E-EC106C20861A}
		{B9B26DDC-608C-42FE-9AB9-6CF0EE4920CD} = {9E6451FB-26E0-4AE4-A469-847F9602E999}
		{0E15F922-7A44-4116-9DAB-FAEB94392FEC} = {B9B26DDC-608C-42FE-9AB9-6CF0EE4920CD}
	EndGlobalSection
EndGlobal
