
Microsoft Visual Studio Solution File, Format Version 12.00
# Visual Studio 15
VisualStudioVersion = 15.0.27130.2024
MinimumVisualStudioVersion = 15.0.26124.0
Project("{2150E333-8FDC-42A3-9474-1A3956D46DE8}") = "src", "src", "{1C78B57C-6B1D-4992-8847-14ED09FC327B}"
EndProject
Project("{6EC3EE1D-3C4E-46DD-8F32-0CC8E7565705}") = "Giraffe", "src\Giraffe\Giraffe.fsproj", "{9CA0CB43-5DE3-4ADD-BFE1-C81AE2B638AD}"
EndProject
Project("{2150E333-8FDC-42A3-9474-1A3956D46DE8}") = "tests", "tests", "{70B6303C-AD8A-4D4F-9853-341F0A0C05FE}"
EndProject
Project("{6EC3EE1D-3C4E-46DD-8F32-0CC8E7565705}") = "Giraffe.Tests", "tests\Giraffe.Tests\Giraffe.Tests.fsproj", "{07EABE65-3602-4CA7-82EB-C26E600A5D5D}"
EndProject
Project("{6EC3EE1D-3C4E-46DD-8F32-0CC8E7565705}") = "Giraffe.Swagger", "src\Giraffe.Swagger\Giraffe.Swagger.fsproj", "{D288CA76-ABF2-449D-A50E-A96553AA220F}"
EndProject
Project("{2150E333-8FDC-42A3-9474-1A3956D46DE8}") = "samples", "samples", "{682977C5-BDBE-480B-AFD5-D953F950E3A2}"
EndProject
Project("{2150E333-8FDC-42A3-9474-1A3956D46DE8}") = "SampleApp", "SampleApp", "{7FF9D028-63C6-4BFF-9BC0-A0371ADE1047}"
EndProject
Project("{6EC3EE1D-3C4E-46DD-8F32-0CC8E7565705}") = "SampleApp", "samples\SampleApp\SampleApp\SampleApp.fsproj", "{746137D8-3D6F-4BEE-813A-2EEFE7406162}"
EndProject
Project("{6EC3EE1D-3C4E-46DD-8F32-0CC8E7565705}") = "SampleApp.Tests", "samples\SampleApp\SampleApp.Tests\SampleApp.Tests.fsproj", "{035FDBB6-A843-4CE1-8177-C811C7D50E45}"
EndProject
Project("{2150E333-8FDC-42A3-9474-1A3956D46DE8}") = "SwaggerSample", "SwaggerSample", "{DF820FD9-40BE-4879-ACC4-7D02B0A282D1}"
EndProject
Project("{6EC3EE1D-3C4E-46DD-8F32-0CC8E7565705}") = "SwaggerSample", "samples\SwaggerSample\SwaggerSample.fsproj", "{272C5BF7-D682-407C-937C-6F6B319F3CDB}"
EndProject
Global
	GlobalSection(SolutionConfigurationPlatforms) = preSolution
		Debug|Any CPU = Debug|Any CPU
		Debug|x64 = Debug|x64
		Debug|x86 = Debug|x86
		Release|Any CPU = Release|Any CPU
		Release|x64 = Release|x64
		Release|x86 = Release|x86
	EndGlobalSection
	GlobalSection(ProjectConfigurationPlatforms) = postSolution
		{9CA0CB43-5DE3-4ADD-BFE1-C81AE2B638AD}.Debug|Any CPU.ActiveCfg = Debug|Any CPU
		{9CA0CB43-5DE3-4ADD-BFE1-C81AE2B638AD}.Debug|Any CPU.Build.0 = Debug|Any CPU
		{9CA0CB43-5DE3-4ADD-BFE1-C81AE2B638AD}.Debug|x64.ActiveCfg = Debug|Any CPU
		{9CA0CB43-5DE3-4ADD-BFE1-C81AE2B638AD}.Debug|x64.Build.0 = Debug|Any CPU
		{9CA0CB43-5DE3-4ADD-BFE1-C81AE2B638AD}.Debug|x86.ActiveCfg = Debug|Any CPU
		{9CA0CB43-5DE3-4ADD-BFE1-C81AE2B638AD}.Debug|x86.Build.0 = Debug|Any CPU
		{9CA0CB43-5DE3-4ADD-BFE1-C81AE2B638AD}.Release|Any CPU.ActiveCfg = Release|Any CPU
		{9CA0CB43-5DE3-4ADD-BFE1-C81AE2B638AD}.Release|Any CPU.Build.0 = Release|Any CPU
		{9CA0CB43-5DE3-4ADD-BFE1-C81AE2B638AD}.Release|x64.ActiveCfg = Release|Any CPU
		{9CA0CB43-5DE3-4ADD-BFE1-C81AE2B638AD}.Release|x64.Build.0 = Release|Any CPU
		{9CA0CB43-5DE3-4ADD-BFE1-C81AE2B638AD}.Release|x86.ActiveCfg = Release|Any CPU
		{9CA0CB43-5DE3-4ADD-BFE1-C81AE2B638AD}.Release|x86.Build.0 = Release|Any CPU
		{07EABE65-3602-4CA7-82EB-C26E600A5D5D}.Debug|Any CPU.ActiveCfg = Debug|Any CPU
		{07EABE65-3602-4CA7-82EB-C26E600A5D5D}.Debug|Any CPU.Build.0 = Debug|Any CPU
		{07EABE65-3602-4CA7-82EB-C26E600A5D5D}.Debug|x64.ActiveCfg = Debug|Any CPU
		{07EABE65-3602-4CA7-82EB-C26E600A5D5D}.Debug|x64.Build.0 = Debug|Any CPU
		{07EABE65-3602-4CA7-82EB-C26E600A5D5D}.Debug|x86.ActiveCfg = Debug|Any CPU
		{07EABE65-3602-4CA7-82EB-C26E600A5D5D}.Debug|x86.Build.0 = Debug|Any CPU
		{07EABE65-3602-4CA7-82EB-C26E600A5D5D}.Release|Any CPU.ActiveCfg = Release|Any CPU
		{07EABE65-3602-4CA7-82EB-C26E600A5D5D}.Release|Any CPU.Build.0 = Release|Any CPU
		{07EABE65-3602-4CA7-82EB-C26E600A5D5D}.Release|x64.ActiveCfg = Release|Any CPU
		{07EABE65-3602-4CA7-82EB-C26E600A5D5D}.Release|x64.Build.0 = Release|Any CPU
		{07EABE65-3602-4CA7-82EB-C26E600A5D5D}.Release|x86.ActiveCfg = Release|Any CPU
		{07EABE65-3602-4CA7-82EB-C26E600A5D5D}.Release|x86.Build.0 = Release|Any CPU
		{D288CA76-ABF2-449D-A50E-A96553AA220F}.Debug|Any CPU.ActiveCfg = Debug|Any CPU
		{D288CA76-ABF2-449D-A50E-A96553AA220F}.Debug|Any CPU.Build.0 = Debug|Any CPU
		{D288CA76-ABF2-449D-A50E-A96553AA220F}.Debug|x64.ActiveCfg = Debug|Any CPU
		{D288CA76-ABF2-449D-A50E-A96553AA220F}.Debug|x64.Build.0 = Debug|Any CPU
		{D288CA76-ABF2-449D-A50E-A96553AA220F}.Debug|x86.ActiveCfg = Debug|Any CPU
		{D288CA76-ABF2-449D-A50E-A96553AA220F}.Debug|x86.Build.0 = Debug|Any CPU
		{D288CA76-ABF2-449D-A50E-A96553AA220F}.Release|Any CPU.ActiveCfg = Release|Any CPU
		{D288CA76-ABF2-449D-A50E-A96553AA220F}.Release|Any CPU.Build.0 = Release|Any CPU
		{D288CA76-ABF2-449D-A50E-A96553AA220F}.Release|x64.ActiveCfg = Release|Any CPU
		{D288CA76-ABF2-449D-A50E-A96553AA220F}.Release|x64.Build.0 = Release|Any CPU
		{D288CA76-ABF2-449D-A50E-A96553AA220F}.Release|x86.ActiveCfg = Release|Any CPU
		{D288CA76-ABF2-449D-A50E-A96553AA220F}.Release|x86.Build.0 = Release|Any CPU
		{746137D8-3D6F-4BEE-813A-2EEFE7406162}.Debug|Any CPU.ActiveCfg = Debug|Any CPU
		{746137D8-3D6F-4BEE-813A-2EEFE7406162}.Debug|Any CPU.Build.0 = Debug|Any CPU
		{746137D8-3D6F-4BEE-813A-2EEFE7406162}.Debug|x64.ActiveCfg = Debug|Any CPU
		{746137D8-3D6F-4BEE-813A-2EEFE7406162}.Debug|x64.Build.0 = Debug|Any CPU
		{746137D8-3D6F-4BEE-813A-2EEFE7406162}.Debug|x86.ActiveCfg = Debug|Any CPU
		{746137D8-3D6F-4BEE-813A-2EEFE7406162}.Debug|x86.Build.0 = Debug|Any CPU
		{746137D8-3D6F-4BEE-813A-2EEFE7406162}.Release|Any CPU.ActiveCfg = Release|Any CPU
		{746137D8-3D6F-4BEE-813A-2EEFE7406162}.Release|Any CPU.Build.0 = Release|Any CPU
		{746137D8-3D6F-4BEE-813A-2EEFE7406162}.Release|x64.ActiveCfg = Release|Any CPU
		{746137D8-3D6F-4BEE-813A-2EEFE7406162}.Release|x64.Build.0 = Release|Any CPU
		{746137D8-3D6F-4BEE-813A-2EEFE7406162}.Release|x86.ActiveCfg = Release|Any CPU
		{746137D8-3D6F-4BEE-813A-2EEFE7406162}.Release|x86.Build.0 = Release|Any CPU
		{035FDBB6-A843-4CE1-8177-C811C7D50E45}.Debug|Any CPU.ActiveCfg = Debug|Any CPU
		{035FDBB6-A843-4CE1-8177-C811C7D50E45}.Debug|Any CPU.Build.0 = Debug|Any CPU
		{035FDBB6-A843-4CE1-8177-C811C7D50E45}.Debug|x64.ActiveCfg = Debug|Any CPU
		{035FDBB6-A843-4CE1-8177-C811C7D50E45}.Debug|x64.Build.0 = Debug|Any CPU
		{035FDBB6-A843-4CE1-8177-C811C7D50E45}.Debug|x86.ActiveCfg = Debug|Any CPU
		{035FDBB6-A843-4CE1-8177-C811C7D50E45}.Debug|x86.Build.0 = Debug|Any CPU
		{035FDBB6-A843-4CE1-8177-C811C7D50E45}.Release|Any CPU.ActiveCfg = Release|Any CPU
		{035FDBB6-A843-4CE1-8177-C811C7D50E45}.Release|Any CPU.Build.0 = Release|Any CPU
		{035FDBB6-A843-4CE1-8177-C811C7D50E45}.Release|x64.ActiveCfg = Release|Any CPU
		{035FDBB6-A843-4CE1-8177-C811C7D50E45}.Release|x64.Build.0 = Release|Any CPU
		{035FDBB6-A843-4CE1-8177-C811C7D50E45}.Release|x86.ActiveCfg = Release|Any CPU
		{035FDBB6-A843-4CE1-8177-C811C7D50E45}.Release|x86.Build.0 = Release|Any CPU
		{272C5BF7-D682-407C-937C-6F6B319F3CDB}.Debug|Any CPU.ActiveCfg = Debug|Any CPU
		{272C5BF7-D682-407C-937C-6F6B319F3CDB}.Debug|Any CPU.Build.0 = Debug|Any CPU
		{272C5BF7-D682-407C-937C-6F6B319F3CDB}.Debug|x64.ActiveCfg = Debug|Any CPU
		{272C5BF7-D682-407C-937C-6F6B319F3CDB}.Debug|x64.Build.0 = Debug|Any CPU
		{272C5BF7-D682-407C-937C-6F6B319F3CDB}.Debug|x86.ActiveCfg = Debug|Any CPU
		{272C5BF7-D682-407C-937C-6F6B319F3CDB}.Debug|x86.Build.0 = Debug|Any CPU
		{272C5BF7-D682-407C-937C-6F6B319F3CDB}.Release|Any CPU.ActiveCfg = Release|Any CPU
		{272C5BF7-D682-407C-937C-6F6B319F3CDB}.Release|Any CPU.Build.0 = Release|Any CPU
		{272C5BF7-D682-407C-937C-6F6B319F3CDB}.Release|x64.ActiveCfg = Release|Any CPU
		{272C5BF7-D682-407C-937C-6F6B319F3CDB}.Release|x64.Build.0 = Release|Any CPU
		{272C5BF7-D682-407C-937C-6F6B319F3CDB}.Release|x86.ActiveCfg = Release|Any CPU
		{272C5BF7-D682-407C-937C-6F6B319F3CDB}.Release|x86.Build.0 = Release|Any CPU
	EndGlobalSection
	GlobalSection(SolutionProperties) = preSolution
		HideSolutionNode = FALSE
	EndGlobalSection
	GlobalSection(NestedProjects) = preSolution
		{9CA0CB43-5DE3-4ADD-BFE1-C81AE2B638AD} = {1C78B57C-6B1D-4992-8847-14ED09FC327B}
		{07EABE65-3602-4CA7-82EB-C26E600A5D5D} = {70B6303C-AD8A-4D4F-9853-341F0A0C05FE}
		{D288CA76-ABF2-449D-A50E-A96553AA220F} = {1C78B57C-6B1D-4992-8847-14ED09FC327B}
		{7FF9D028-63C6-4BFF-9BC0-A0371ADE1047} = {682977C5-BDBE-480B-AFD5-D953F950E3A2}
		{746137D8-3D6F-4BEE-813A-2EEFE7406162} = {7FF9D028-63C6-4BFF-9BC0-A0371ADE1047}
		{035FDBB6-A843-4CE1-8177-C811C7D50E45} = {7FF9D028-63C6-4BFF-9BC0-A0371ADE1047}
		{DF820FD9-40BE-4879-ACC4-7D02B0A282D1} = {682977C5-BDBE-480B-AFD5-D953F950E3A2}
		{272C5BF7-D682-407C-937C-6F6B319F3CDB} = {DF820FD9-40BE-4879-ACC4-7D02B0A282D1}
	EndGlobalSection
	GlobalSection(ExtensibilityGlobals) = postSolution
		SolutionGuid = {89918B0A-CDC6-4CDE-A049-C989FAF3D6E4}
	EndGlobalSection
EndGlobal
